Microsoft Visual Studio Solution File, Format Version 12.00
# Visual Studio Version 17
VisualStudioVersion = 17.13.35828.75
MinimumVisualStudioVersion = 10.0.40219.1
Project("{FAE04EC0-301F-11D3-BF4B-00C04F79EFBC}") = "Dummy.Api", "Dummy.Api\Dummy.Api.csproj", "{5B18C008-F81D-42CB-BF76-E3A28513BDE6}"
EndProject
Global
	GlobalSection(SolutionConfigurationPlatforms) = preSolution
		Debug|Any CPU = Debug|Any CPU
		Release|Any CPU = Release|Any CPU
	EndGlobalSection
	GlobalSection(ProjectConfigurationPlatforms) = postSolution
		{5B18C008-F81D-42CB-BF76-E3A28513BDE6}.Debug|Any CPU.ActiveCfg = Debug|Any CPU
		{5B18C008-F81D-42CB-BF76-E3A28513BDE6}.Debug|Any CPU.Build.0 = Debug|Any CPU
		{5B18C008-F81D-42CB-BF76-E3A28513BDE6}.Release|Any CPU.ActiveCfg = Release|Any CPU
		{5B18C008-F81D-42CB-BF76-E3A28513BDE6}.Release|Any CPU.Build.0 = Release|Any CPU
	EndGlobalSection
	GlobalSection(SolutionProperties) = preSolution
		HideSolutionNode = FALSE
	EndGlobalSection
	GlobalSection(ExtensibilityGlobals) = postSolution
		SolutionGuid = {623388C9-CCC7-42F2-801B-C4168F18DFD3}
	EndGlobalSection
EndGlobal
